
Microsoft Visual Studio Solution File, Format Version 12.00
Project("{FAE04EC0-301F-11D3-BF4B-00C04F79EFBC}") = "mapperd", "mapperd\mapperd.csproj", "{0038A1A8-432E-4500-A396-1A115D086FED}"
EndProject
Global
	GlobalSection(SolutionConfigurationPlatforms) = preSolution
		Debug|Any CPU = Debug|Any CPU
		Release|Any CPU = Release|Any CPU
	EndGlobalSection
	GlobalSection(ProjectConfigurationPlatforms) = postSolution
		{0038A1A8-432E-4500-A396-1A115D086FED}.Debug|Any CPU.ActiveCfg = Debug|Any CPU
		{0038A1A8-432E-4500-A396-1A115D086FED}.Debug|Any CPU.Build.0 = Debug|Any CPU
		{0038A1A8-432E-4500-A396-1A115D086FED}.Release|Any CPU.ActiveCfg = Release|Any CPU
		{0038A1A8-432E-4500-A396-1A115D086FED}.Release|Any CPU.Build.0 = Release|Any CPU
	EndGlobalSection
EndGlobal
